
Microsoft Visual Studio Solution File, Format Version 12.00
# Visual Studio Version 17
VisualStudioVersion = 17.5.002.0
MinimumVisualStudioVersion = 10.0.40219.1
Project("{2150E333-8FDC-42A3-9474-1A3956D46DE8}") = "Api", "Api", "{D766C472-107D-4913-B4AA-72B064BC2100}"
EndProject
Project("{9A19103F-16F7-4668-BE54-9A1E7A4F7556}") = "Notes.Api", "Api\Notes.Api\Notes.Api.csproj", "{B2726A11-6DFE-4B9A-9C28-63D5A71482F9}"
EndProject
Project("{2150E333-8FDC-42A3-9474-1A3956D46DE8}") = "Core", "Core", "{E3B68D79-44AC-4F8E-A45F-6E9CC17811F6}"
EndProject
Project("{9A19103F-16F7-4668-BE54-9A1E7A4F7556}") = "InkGoose.Application", "Core\InkGoose.Application\InkGoose.Application.csproj", "{57953AED-DF09-464B-B8D5-F9FFCD2FAD92}"
EndProject
Project("{9A19103F-16F7-4668-BE54-9A1E7A4F7556}") = "InkGoose.Domain", "Core\InkGoose.Domain\InkGoose.Domain.csproj", "{09039F99-D763-4390-87FD-691BCEB8FAED}"
EndProject
Global
	GlobalSection(SolutionConfigurationPlatforms) = preSolution
		Debug|Any CPU = Debug|Any CPU
		Release|Any CPU = Release|Any CPU
	EndGlobalSection
	GlobalSection(ProjectConfigurationPlatforms) = postSolution
		{B2726A11-6DFE-4B9A-9C28-63D5A71482F9}.Debug|Any CPU.ActiveCfg = Debug|Any CPU
		{B2726A11-6DFE-4B9A-9C28-63D5A71482F9}.Debug|Any CPU.Build.0 = Debug|Any CPU
		{B2726A11-6DFE-4B9A-9C28-63D5A71482F9}.Release|Any CPU.ActiveCfg = Release|Any CPU
		{B2726A11-6DFE-4B9A-9C28-63D5A71482F9}.Release|Any CPU.Build.0 = Release|Any CPU
		{57953AED-DF09-464B-B8D5-F9FFCD2FAD92}.Debug|Any CPU.ActiveCfg = Debug|Any CPU
		{57953AED-DF09-464B-B8D5-F9FFCD2FAD92}.Debug|Any CPU.Build.0 = Debug|Any CPU
		{57953AED-DF09-464B-B8D5-F9FFCD2FAD92}.Release|Any CPU.ActiveCfg = Release|Any CPU
		{57953AED-DF09-464B-B8D5-F9FFCD2FAD92}.Release|Any CPU.Build.0 = Release|Any CPU
		{09039F99-D763-4390-87FD-691BCEB8FAED}.Debug|Any CPU.ActiveCfg = Debug|Any CPU
		{09039F99-D763-4390-87FD-691BCEB8FAED}.Debug|Any CPU.Build.0 = Debug|Any CPU
		{09039F99-D763-4390-87FD-691BCEB8FAED}.Release|Any CPU.ActiveCfg = Release|Any CPU
		{09039F99-D763-4390-87FD-691BCEB8FAED}.Release|Any CPU.Build.0 = Release|Any CPU
	EndGlobalSection
	GlobalSection(SolutionProperties) = preSolution
		HideSolutionNode = FALSE
	EndGlobalSection
	GlobalSection(NestedProjects) = preSolution
		{B2726A11-6DFE-4B9A-9C28-63D5A71482F9} = {D766C472-107D-4913-B4AA-72B064BC2100}
		{57953AED-DF09-464B-B8D5-F9FFCD2FAD92} = {E3B68D79-44AC-4F8E-A45F-6E9CC17811F6}
		{09039F99-D763-4390-87FD-691BCEB8FAED} = {E3B68D79-44AC-4F8E-A45F-6E9CC17811F6}
	EndGlobalSection
	GlobalSection(ExtensibilityGlobals) = postSolution
		SolutionGuid = {649ED703-0A4C-4D94-BD7E-AE68BC540B42}
	EndGlobalSection
EndGlobal
